
Microsoft Visual Studio Solution File, Format Version 12.00
# Visual Studio Version 16
VisualStudioVersion = 16.0.29123.88
MinimumVisualStudioVersion = 10.0.40219.1
Project("{FAE04EC0-301F-11D3-BF4B-00C04F79EFBC}") = "VehicleSQL", "VehicleSQL\VehicleSQL.csproj", "{6A2CED65-5E90-4D66-B67E-53C4D9B2E592}"
EndProject
Global
	GlobalSection(SolutionConfigurationPlatforms) = preSolution
		Debug|Any CPU = Debug|Any CPU
		Release|Any CPU = Release|Any CPU
	EndGlobalSection
	GlobalSection(ProjectConfigurationPlatforms) = postSolution
		{6A2CED65-5E90-4D66-B67E-53C4D9B2E592}.Debug|Any CPU.ActiveCfg = Debug|Any CPU
		{6A2CED65-5E90-4D66-B67E-53C4D9B2E592}.Debug|Any CPU.Build.0 = Debug|Any CPU
		{6A2CED65-5E90-4D66-B67E-53C4D9B2E592}.Release|Any CPU.ActiveCfg = Release|Any CPU
		{6A2CED65-5E90-4D66-B67E-53C4D9B2E592}.Release|Any CPU.Build.0 = Release|Any CPU
	EndGlobalSection
	GlobalSection(SolutionProperties) = preSolution
		HideSolutionNode = FALSE
	EndGlobalSection
	GlobalSection(ExtensibilityGlobals) = postSolution
		SolutionGuid = {4375FAC6-748C-47FD-B314-46AD4E251899}
	EndGlobalSection
EndGlobal
